
Microsoft Visual Studio Solution File, Format Version 12.00
# Visual Studio 15
VisualStudioVersion = 15.0.28307.572
MinimumVisualStudioVersion = 10.0.40219.1
Project("{FAE04EC0-301F-11D3-BF4B-00C04F79EFBC}") = "vignette.Web", "vignette.Web\vignette.Web.csproj", "{4CC2CB71-32A1-469A-A164-0FB3B304C113}"
EndProject
Global
	GlobalSection(SolutionConfigurationPlatforms) = preSolution
		Debug|Any CPU = Debug|Any CPU
		Release|Any CPU = Release|Any CPU
	EndGlobalSection
	GlobalSection(ProjectConfigurationPlatforms) = postSolution
		{4CC2CB71-32A1-469A-A164-0FB3B304C113}.Debug|Any CPU.ActiveCfg = Debug|Any CPU
		{4CC2CB71-32A1-469A-A164-0FB3B304C113}.Debug|Any CPU.Build.0 = Debug|Any CPU
		{4CC2CB71-32A1-469A-A164-0FB3B304C113}.Release|Any CPU.ActiveCfg = Release|Any CPU
		{4CC2CB71-32A1-469A-A164-0FB3B304C113}.Release|Any CPU.Build.0 = Release|Any CPU
	EndGlobalSection
	GlobalSection(SolutionProperties) = preSolution
		HideSolutionNode = FALSE
	EndGlobalSection
	GlobalSection(ExtensibilityGlobals) = postSolution
		SolutionGuid = {65AB8D06-050D-4093-8D37-B01A89021FA1}
	EndGlobalSection
EndGlobal
